
Microsoft Visual Studio Solution File, Format Version 12.00
# Visual Studio Version 17
VisualStudioVersion = 17.10.35122.118
MinimumVisualStudioVersion = 10.0.40219.1
Project("{9A19103F-16F7-4668-BE54-9A1E7A4F7556}") = "SistemaGestionClientes", "SistemaGestionClientes\SistemaGestionClientes.csproj", "{0414E59A-05ED-45E0-A401-F65F1A027C23}"
EndProject
Global
	GlobalSection(SolutionConfigurationPlatforms) = preSolution
		Debug|Any CPU = Debug|Any CPU
		Release|Any CPU = Release|Any CPU
	EndGlobalSection
	GlobalSection(ProjectConfigurationPlatforms) = postSolution
		{0414E59A-05ED-45E0-A401-F65F1A027C23}.Debug|Any CPU.ActiveCfg = Debug|Any CPU
		{0414E59A-05ED-45E0-A401-F65F1A027C23}.Debug|Any CPU.Build.0 = Debug|Any CPU
		{0414E59A-05ED-45E0-A401-F65F1A027C23}.Release|Any CPU.ActiveCfg = Release|Any CPU
		{0414E59A-05ED-45E0-A401-F65F1A027C23}.Release|Any CPU.Build.0 = Release|Any CPU
	EndGlobalSection
	GlobalSection(SolutionProperties) = preSolution
		HideSolutionNode = FALSE
	EndGlobalSection
	GlobalSection(ExtensibilityGlobals) = postSolution
		SolutionGuid = {2FE735CF-E1EF-4766-A17E-1A69B88E2282}
	EndGlobalSection
EndGlobal
